
Microsoft Visual Studio Solution File, Format Version 12.00
# Visual Studio Version 16
VisualStudioVersion = 16.0.30413.136
MinimumVisualStudioVersion = 10.0.40219.1
Project("{FAE04EC0-301F-11D3-BF4B-00C04F79EFBC}") = "WebAppOrangeAndCoffeeAirLines", "WebAppOrangeAndCoffeeAirLines\WebAppOrangeAndCoffeeAirLines.csproj", "{3BB17254-C086-4596-B01B-08C7EFE1020D}"
EndProject
Project("{FAE04EC0-301F-11D3-BF4B-00C04F79EFBC}") = "WebApiPassagensOrangeAndCoffeeAirLines", "WebApiPassagensOrangeAndCoffeeAirLines\WebApiPassagensOrangeAndCoffeeAirLines.csproj", "{6FE05428-0796-489E-810B-7780EB7D41EA}"
EndProject
Project("{FAE04EC0-301F-11D3-BF4B-00C04F79EFBC}") = "IdentityServerApiOrangeAndCoffeeAirLines", "IdentityServerApiOrangeAndCoffeeAirLines\IdentityServerApiOrangeAndCoffeeAirLines.csproj", "{B7D61A81-3FF7-4522-BFB3-56111ED3FF5A}"
EndProject
Global
	GlobalSection(SolutionConfigurationPlatforms) = preSolution
		Debug|Any CPU = Debug|Any CPU
		Release|Any CPU = Release|Any CPU
	EndGlobalSection
	GlobalSection(ProjectConfigurationPlatforms) = postSolution
		{3BB17254-C086-4596-B01B-08C7EFE1020D}.Debug|Any CPU.ActiveCfg = Debug|Any CPU
		{3BB17254-C086-4596-B01B-08C7EFE1020D}.Debug|Any CPU.Build.0 = Debug|Any CPU
		{3BB17254-C086-4596-B01B-08C7EFE1020D}.Release|Any CPU.ActiveCfg = Release|Any CPU
		{3BB17254-C086-4596-B01B-08C7EFE1020D}.Release|Any CPU.Build.0 = Release|Any CPU
		{6FE05428-0796-489E-810B-7780EB7D41EA}.Debug|Any CPU.ActiveCfg = Debug|Any CPU
		{6FE05428-0796-489E-810B-7780EB7D41EA}.Debug|Any CPU.Build.0 = Debug|Any CPU
		{6FE05428-0796-489E-810B-7780EB7D41EA}.Release|Any CPU.ActiveCfg = Release|Any CPU
		{6FE05428-0796-489E-810B-7780EB7D41EA}.Release|Any CPU.Build.0 = Release|Any CPU
		{B7D61A81-3FF7-4522-BFB3-56111ED3FF5A}.Debug|Any CPU.ActiveCfg = Debug|Any CPU
		{B7D61A81-3FF7-4522-BFB3-56111ED3FF5A}.Debug|Any CPU.Build.0 = Debug|Any CPU
		{B7D61A81-3FF7-4522-BFB3-56111ED3FF5A}.Release|Any CPU.ActiveCfg = Release|Any CPU
		{B7D61A81-3FF7-4522-BFB3-56111ED3FF5A}.Release|Any CPU.Build.0 = Release|Any CPU
	EndGlobalSection
	GlobalSection(SolutionProperties) = preSolution
		HideSolutionNode = FALSE
	EndGlobalSection
	GlobalSection(ExtensibilityGlobals) = postSolution
		SolutionGuid = {82C49427-57C9-4068-A628-4D459BE000EA}
	EndGlobalSection
EndGlobal
